
Microsoft Visual Studio Solution File, Format Version 12.00
# Visual Studio 2012
Project("{FAE04EC0-301F-11D3-BF4B-00C04F79EFBC}") = "TinyBmpApp", "TinyBmp\TinyBmpApp.csproj", "{9A93506F-B2DA-4D3B-8CFA-8F041CB6C519}"
EndProject
Project("{FAE04EC0-301F-11D3-BF4B-00C04F79EFBC}") = "TinyBmpLib", "TinyBmpLib\TinyBmpLib.csproj", "{5C35D71C-B598-462A-A7DE-9FF4A58A5C30}"
EndProject
Project("{FAE04EC0-301F-11D3-BF4B-00C04F79EFBC}") = "TinyBmpConsole", "TinyBmpConsole\TinyBmpConsole.csproj", "{68807493-678F-4EC0-B07B-0BCBF7EB5909}"
EndProject
Global
	GlobalSection(SolutionConfigurationPlatforms) = preSolution
		Debug|Any CPU = Debug|Any CPU
		Release|Any CPU = Release|Any CPU
	EndGlobalSection
	GlobalSection(ProjectConfigurationPlatforms) = postSolution
		{9A93506F-B2DA-4D3B-8CFA-8F041CB6C519}.Debug|Any CPU.ActiveCfg = Debug|Any CPU
		{9A93506F-B2DA-4D3B-8CFA-8F041CB6C519}.Debug|Any CPU.Build.0 = Debug|Any CPU
		{9A93506F-B2DA-4D3B-8CFA-8F041CB6C519}.Release|Any CPU.ActiveCfg = Release|Any CPU
		{9A93506F-B2DA-4D3B-8CFA-8F041CB6C519}.Release|Any CPU.Build.0 = Release|Any CPU
		{5C35D71C-B598-462A-A7DE-9FF4A58A5C30}.Debug|Any CPU.ActiveCfg = Debug|Any CPU
		{5C35D71C-B598-462A-A7DE-9FF4A58A5C30}.Debug|Any CPU.Build.0 = Debug|Any CPU
		{5C35D71C-B598-462A-A7DE-9FF4A58A5C30}.Release|Any CPU.ActiveCfg = Release|Any CPU
		{5C35D71C-B598-462A-A7DE-9FF4A58A5C30}.Release|Any CPU.Build.0 = Release|Any CPU
		{68807493-678F-4EC0-B07B-0BCBF7EB5909}.Debug|Any CPU.ActiveCfg = Debug|Any CPU
		{68807493-678F-4EC0-B07B-0BCBF7EB5909}.Debug|Any CPU.Build.0 = Debug|Any CPU
		{68807493-678F-4EC0-B07B-0BCBF7EB5909}.Release|Any CPU.ActiveCfg = Release|Any CPU
		{68807493-678F-4EC0-B07B-0BCBF7EB5909}.Release|Any CPU.Build.0 = Release|Any CPU
	EndGlobalSection
	GlobalSection(SolutionProperties) = preSolution
		HideSolutionNode = FALSE
	EndGlobalSection
EndGlobal
